
Microsoft Visual Studio Solution File, Format Version 12.00
# Visual Studio Version 17
VisualStudioVersion = 17.11.35327.3
MinimumVisualStudioVersion = 10.0.40219.1
Project("{888888A0-9F3D-457C-B088-3A5042F75D52}") = "FloridaGators_Assignment09", "FloridaGators_Assignment09\FloridaGators_Assignment09.pyproj", "{23BBFBDD-99D4-4048-B7A7-EF23A55A6BF0}"
EndProject
Global
	GlobalSection(SolutionConfigurationPlatforms) = preSolution
		Debug|Any CPU = Debug|Any CPU
		Release|Any CPU = Release|Any CPU
	EndGlobalSection
	GlobalSection(ProjectConfigurationPlatforms) = postSolution
		{23BBFBDD-99D4-4048-B7A7-EF23A55A6BF0}.Debug|Any CPU.ActiveCfg = Debug|Any CPU
		{23BBFBDD-99D4-4048-B7A7-EF23A55A6BF0}.Release|Any CPU.ActiveCfg = Release|Any CPU
	EndGlobalSection
	GlobalSection(SolutionProperties) = preSolution
		HideSolutionNode = FALSE
	EndGlobalSection
	GlobalSection(ExtensibilityGlobals) = postSolution
		SolutionGuid = {1C9EDC0D-2A44-4A75-9EED-0728891EA111}
	EndGlobalSection
EndGlobal
